
Microsoft Visual Studio Solution File, Format Version 12.00
# Visual Studio Version 17
VisualStudioVersion = 17.8.34601.278
MinimumVisualStudioVersion = 10.0.40219.1
Project("{FAE04EC0-301F-11D3-BF4B-00C04F79EFBC}") = "PIMRoleAutomation", "PIMRoleAutomation\PIMRoleAutomation.csproj", "{C1B5CED7-373A-4452-B632-DEFDC821C0F2}"
EndProject
Project("{FAE04EC0-301F-11D3-BF4B-00C04F79EFBC}") = "PIMRoleAutomation.Common", "PIMRoleAutomation.Common\PIMRoleAutomation.Common.csproj", "{A8DC3B13-98D0-41A4-9EF9-0713B4934BD7}"
EndProject
Global
	GlobalSection(SolutionConfigurationPlatforms) = preSolution
		Debug|Any CPU = Debug|Any CPU
		Release|Any CPU = Release|Any CPU
	EndGlobalSection
	GlobalSection(ProjectConfigurationPlatforms) = postSolution
		{C1B5CED7-373A-4452-B632-DEFDC821C0F2}.Debug|Any CPU.ActiveCfg = Debug|Any CPU
		{C1B5CED7-373A-4452-B632-DEFDC821C0F2}.Debug|Any CPU.Build.0 = Debug|Any CPU
		{C1B5CED7-373A-4452-B632-DEFDC821C0F2}.Release|Any CPU.ActiveCfg = Release|Any CPU
		{C1B5CED7-373A-4452-B632-DEFDC821C0F2}.Release|Any CPU.Build.0 = Release|Any CPU
		{A8DC3B13-98D0-41A4-9EF9-0713B4934BD7}.Debug|Any CPU.ActiveCfg = Debug|Any CPU
		{A8DC3B13-98D0-41A4-9EF9-0713B4934BD7}.Debug|Any CPU.Build.0 = Debug|Any CPU
		{A8DC3B13-98D0-41A4-9EF9-0713B4934BD7}.Release|Any CPU.ActiveCfg = Release|Any CPU
		{A8DC3B13-98D0-41A4-9EF9-0713B4934BD7}.Release|Any CPU.Build.0 = Release|Any CPU
	EndGlobalSection
	GlobalSection(SolutionProperties) = preSolution
		HideSolutionNode = FALSE
	EndGlobalSection
	GlobalSection(ExtensibilityGlobals) = postSolution
		SolutionGuid = {70FF82FA-50A8-4C56-B9C2-BED3F6767C29}
	EndGlobalSection
EndGlobal
